
Microsoft Visual Studio Solution File, Format Version 12.00
Project("{FAE04EC0-301F-11D3-BF4B-00C04F79EFBC}") = "ASCIIAbyss", "ASCIIAbyss.csproj", "{D5E96914-BC4D-47FD-BC03-E16661C1185F}"
EndProject
Global
	GlobalSection(SolutionConfigurationPlatforms) = preSolution
		Debug|Any CPU = Debug|Any CPU
		Release|Any CPU = Release|Any CPU
	EndGlobalSection
	GlobalSection(ProjectConfigurationPlatforms) = postSolution
		{D5E96914-BC4D-47FD-BC03-E16661C1185F}.Debug|Any CPU.ActiveCfg = Debug|Any CPU
		{D5E96914-BC4D-47FD-BC03-E16661C1185F}.Debug|Any CPU.Build.0 = Debug|Any CPU
		{D5E96914-BC4D-47FD-BC03-E16661C1185F}.Release|Any CPU.ActiveCfg = Release|Any CPU
		{D5E96914-BC4D-47FD-BC03-E16661C1185F}.Release|Any CPU.Build.0 = Release|Any CPU
	EndGlobalSection
EndGlobal
